// !$*UTF8*$!
{
	archiveVersion = 1;
	classes = {
	};
	objectVersion = 46;
	objects = {

/* Begin PBXBuildFile section */
		0D54EE281F04AD0500541F1D /* WJIFFaceModel.m in Sources */ = {isa = PBXBuildFile; fileRef = 0D54EE271F04AD0500541F1D /* WJIFFaceModel.m */; };
		0DA4EEBA1F01FFFE00B460D0 /* main.m in Sources */ = {isa = PBXBuildFile; fileRef = 0DA4EEB91F01FFFE00B460D0 /* main.m */; };
		0DA4EEBD1F01FFFE00B460D0 /* AppDelegate.m in Sources */ = {isa = PBXBuildFile; fileRef = 0DA4EEBC1F01FFFE00B460D0 /* AppDelegate.m */; };
		0DA4EEC01F01FFFE00B460D0 /* ViewController.m in Sources */ = {isa = PBXBuildFile; fileRef = 0DA4EEBF1F01FFFE00B460D0 /* ViewController.m */; };
		0DA4EEC31F01FFFE00B460D0 /* Main.storyboard in Resources */ = {isa = PBXBuildFile; fileRef = 0DA4EEC11F01FFFE00B460D0 /* Main.storyboard */; };
		0DA4EEC51F01FFFE00B460D0 /* Assets.xcassets in Resources */ = {isa = PBXBuildFile; fileRef = 0DA4EEC41F01FFFE00B460D0 /* Assets.xcassets */; };
		0DA4EEC81F01FFFE00B460D0 /* LaunchScreen.storyboard in Resources */ = {isa = PBXBuildFile; fileRef = 0DA4EEC61F01FFFE00B460D0 /* LaunchScreen.storyboard */; };
		0DA4EED31F01FFFE00B460D0 /* FaceuDemoTests.m in Sources */ = {isa = PBXBuildFile; fileRef = 0DA4EED21F01FFFE00B460D0 /* FaceuDemoTests.m */; };
		0DA4EEDE1F01FFFE00B460D0 /* FaceuDemoUITests.m in Sources */ = {isa = PBXBuildFile; fileRef = 0DA4EEDD1F01FFFE00B460D0 /* FaceuDemoUITests.m */; };
		0DA4EEF01F0201C100B460D0 /* WJGPUImageCameraController.m in Sources */ = {isa = PBXBuildFile; fileRef = 0DA4EEEF1F0201C100B460D0 /* WJGPUImageCameraController.m */; };
		0DA4EEF31F0201E600B460D0 /* WJGPUImageCameraView.m in Sources */ = {isa = PBXBuildFile; fileRef = 0DA4EEF21F0201E600B460D0 /* WJGPUImageCameraView.m */; };
		0DA4EEF81F020CD900B460D0 /* LFGPUImageBeautyFilter.m in Sources */ = {isa = PBXBuildFile; fileRef = 0DA4EEF71F020CD900B460D0 /* LFGPUImageBeautyFilter.m */; };
		0DB4658E1F034B2000CA1379 /* iflyMSC.framework in Frameworks */ = {isa = PBXBuildFile; fileRef = 0DB4658D1F034B2000CA1379 /* iflyMSC.framework */; };
		0DB465901F034E0000CA1379 /* libz.tbd in Frameworks */ = {isa = PBXBuildFile; fileRef = 0DB4658F1F034E0000CA1379 /* libz.tbd */; };
		0DB465921F034E0C00CA1379 /* CoreMotion.framework in Frameworks */ = {isa = PBXBuildFile; fileRef = 0DB465911F034E0C00CA1379 /* CoreMotion.framework */; };
		0DB465941F034E1600CA1379 /* AddressBook.framework in Frameworks */ = {isa = PBXBuildFile; fileRef = 0DB465931F034E1600CA1379 /* AddressBook.framework */; };
		0DB465961F034E2300CA1379 /* libstdc++.tbd in Frameworks */ = {isa = PBXBuildFile; fileRef = 0DB465951F034E2300CA1379 /* libstdc++.tbd */; };
		0DB465981F034E2A00CA1379 /* libc++.tbd in Frameworks */ = {isa = PBXBuildFile; fileRef = 0DB465971F034E2A00CA1379 /* libc++.tbd */; };
		0DB4659A1F034E3500CA1379 /* CoreTelephony.framework in Frameworks */ = {isa = PBXBuildFile; fileRef = 0DB465991F034E3500CA1379 /* CoreTelephony.framework */; };
		0DB4659C1F034E4A00CA1379 /* MobileCoreServices.framework in Frameworks */ = {isa = PBXBuildFile; fileRef = 0DB4659B1F034E4A00CA1379 /* MobileCoreServices.framework */; };
		0DB4659E1F034E5400CA1379 /* AudioToolbox.framework in Frameworks */ = {isa = PBXBuildFile; fileRef = 0DB4659D1F034E5400CA1379 /* AudioToolbox.framework */; };
		0DB465A01F034E5F00CA1379 /* CoreGraphics.framework in Frameworks */ = {isa = PBXBuildFile; fileRef = 0DB4659F1F034E5F00CA1379 /* CoreGraphics.framework */; };
		0DB465A21F034E6900CA1379 /* SystemConfiguration.framework in Frameworks */ = {isa = PBXBuildFile; fileRef = 0DB465A11F034E6900CA1379 /* SystemConfiguration.framework */; };
		0DD34F561F03F79600EA6E67 /* CanvasView.m in Sources */ = {isa = PBXBuildFile; fileRef = 0DD34F3F1F03F79600EA6E67 /* CanvasView.m */; };
		0DD34F571F03F79600EA6E67 /* CaptureManager.m in Sources */ = {isa = PBXBuildFile; fileRef = 0DD34F421F03F79600EA6E67 /* CaptureManager.m */; };
		0DD34F581F03F79600EA6E67 /* CalculatorTools.m in Sources */ = {isa = PBXBuildFile; fileRef = 0DD34F451F03F79600EA6E67 /* CalculatorTools.m */; };
		0DD34F591F03F79600EA6E67 /* IFlyFaceImage.m in Sources */ = {isa = PBXBuildFile; fileRef = 0DD34F471F03F79600EA6E67 /* IFlyFaceImage.m */; };
		0DD34F5A1F03F79600EA6E67 /* UIImage+compress.m in Sources */ = {isa = PBXBuildFile; fileRef = 0DD34F491F03F79600EA6E67 /* UIImage+compress.m */; };
		0DD34F5B1F03F79600EA6E67 /* UIImage+Extensions.m in Sources */ = {isa = PBXBuildFile; fileRef = 0DD34F4B1F03F79600EA6E67 /* UIImage+Extensions.m */; };
		0DD34F5C1F03F79600EA6E67 /* PermissionDetector.m in Sources */ = {isa = PBXBuildFile; fileRef = 0DD34F4E1F03F79600EA6E67 /* PermissionDetector.m */; };
		0DD34F5D1F03F79600EA6E67 /* IFlyFaceResultDetector.m in Sources */ = {isa = PBXBuildFile; fileRef = 0DD34F511F03F79600EA6E67 /* IFlyFaceResultDetector.m */; };
		0DD34F5E1F03F79600EA6E67 /* IFlyFaceResultKeys.m in Sources */ = {isa = PBXBuildFile; fileRef = 0DD34F531F03F79600EA6E67 /* IFlyFaceResultKeys.m */; };
		0DD34F5F1F03F79600EA6E67 /* IFlyFaceResultTrack.m in Sources */ = {isa = PBXBuildFile; fileRef = 0DD34F551F03F79600EA6E67 /* IFlyFaceResultTrack.m */; };
		0DD34F641F0410C000EA6E67 /* Crown.png in Resources */ = {isa = PBXBuildFile; fileRef = 0DD34F631F0410C000EA6E67 /* Crown.png */; };
		AF2D65308C08DA78180375BC /* libPods-FaceuDemo.a in Frameworks */ = {isa = PBXBuildFile; fileRef = B00B8417BDB93D4B8D296DDB /* libPods-FaceuDemo.a */; };
/* End PBXBuildFile section */

/* Begin PBXContainerItemProxy section */
		0DA4EECF1F01FFFE00B460D0 /* PBXContainerItemProxy */ = {
			isa = PBXContainerItemProxy;
			containerPortal = 0DA4EEAD1F01FFFD00B460D0 /* Project object */;
			proxyType = 1;
			remoteGlobalIDString = 0DA4EEB41F01FFFE00B460D0;
			remoteInfo = FaceuDemo;
		};
		0DA4EEDA1F01FFFE00B460D0 /* PBXContainerItemProxy */ = {
			isa = PBXContainerItemProxy;
			containerPortal = 0DA4EEAD1F01FFFD00B460D0 /* Project object */;
			proxyType = 1;
			remoteGlobalIDString = 0DA4EEB41F01FFFE00B460D0;
			remoteInfo = FaceuDemo;
		};
/* End PBXContainerItemProxy section */

/* Begin PBXFileReference section */
		0D54EE261F04AD0500541F1D /* WJIFFaceModel.h */ = {isa = PBXFileReference; fileEncoding = 4; lastKnownFileType = sourcecode.c.h; path = WJIFFaceModel.h; sourceTree = "<group>"; };
		0D54EE271F04AD0500541F1D /* WJIFFaceModel.m */ = {isa = PBXFileReference; fileEncoding = 4; lastKnownFileType = sourcecode.c.objc; path = WJIFFaceModel.m; sourceTree = "<group>"; };
		0DA4EEB51F01FFFE00B460D0 /* FaceuDemo.app */ = {isa = PBXFileReference; explicitFileType = wrapper.application; includeInIndex = 0; path = FaceuDemo.app; sourceTree = BUILT_PRODUCTS_DIR; };
		0DA4EEB91F01FFFE00B460D0 /* main.m */ = {isa = PBXFileReference; lastKnownFileType = sourcecode.c.objc; path = main.m; sourceTree = "<group>"; };
		0DA4EEBB1F01FFFE00B460D0 /* AppDelegate.h */ = {isa = PBXFileReference; lastKnownFileType = sourcecode.c.h; path = AppDelegate.h; sourceTree = "<group>"; };
		0DA4EEBC1F01FFFE00B460D0 /* AppDelegate.m */ = {isa = PBXFileReference; lastKnownFileType = sourcecode.c.objc; path = AppDelegate.m; sourceTree = "<group>"; };
		0DA4EEBE1F01FFFE00B460D0 /* ViewController.h */ = {isa = PBXFileReference; lastKnownFileType = sourcecode.c.h; path = ViewController.h; sourceTree = "<group>"; };
		0DA4EEBF1F01FFFE00B460D0 /* ViewController.m */ = {isa = PBXFileReference; lastKnownFileType = sourcecode.c.objc; path = ViewController.m; sourceTree = "<group>"; };
		0DA4EEC21F01FFFE00B460D0 /* Base */ = {isa = PBXFileReference; lastKnownFileType = file.storyboard; name = Base; path = Base.lproj/Main.storyboard; sourceTree = "<group>"; };
		0DA4EEC41F01FFFE00B460D0 /* Assets.xcassets */ = {isa = PBXFileReference; lastKnownFileType = folder.assetcatalog; path = Assets.xcassets; sourceTree = "<group>"; };
		0DA4EEC71F01FFFE00B460D0 /* Base */ = {isa = PBXFileReference; lastKnownFileType = file.storyboard; name = Base; path = Base.lproj/LaunchScreen.storyboard; sourceTree = "<group>"; };
		0DA4EEC91F01FFFE00B460D0 /* Info.plist */ = {isa = PBXFileReference; lastKnownFileType = text.plist.xml; path = Info.plist; sourceTree = "<group>"; };
		0DA4EECE1F01FFFE00B460D0 /* FaceuDemoTests.xctest */ = {isa = PBXFileReference; explicitFileType = wrapper.cfbundle; includeInIndex = 0; path = FaceuDemoTests.xctest; sourceTree = BUILT_PRODUCTS_DIR; };
		0DA4EED21F01FFFE00B460D0 /* FaceuDemoTests.m */ = {isa = PBXFileReference; lastKnownFileType = sourcecode.c.objc; path = FaceuDemoTests.m; sourceTree = "<group>"; };
		0DA4EED41F01FFFE00B460D0 /* Info.plist */ = {isa = PBXFileReference; lastKnownFileType = text.plist.xml; path = Info.plist; sourceTree = "<group>"; };
		0DA4EED91F01FFFE00B460D0 /* FaceuDemoUITests.xctest */ = {isa = PBXFileReference; explicitFileType = wrapper.cfbundle; includeInIndex = 0; path = FaceuDemoUITests.xctest; sourceTree = BUILT_PRODUCTS_DIR; };
		0DA4EEDD1F01FFFE00B460D0 /* FaceuDemoUITests.m */ = {isa = PBXFileReference; lastKnownFileType = sourcecode.c.objc; path = FaceuDemoUITests.m; sourceTree = "<group>"; };
		0DA4EEDF1F01FFFE00B460D0 /* Info.plist */ = {isa = PBXFileReference; lastKnownFileType = text.plist.xml; path = Info.plist; sourceTree = "<group>"; };
		0DA4EEEE1F0201C100B460D0 /* WJGPUImageCameraController.h */ = {isa = PBXFileReference; fileEncoding = 4; lastKnownFileType = sourcecode.c.h; path = WJGPUImageCameraController.h; sourceTree = "<group>"; };
		0DA4EEEF1F0201C100B460D0 /* WJGPUImageCameraController.m */ = {isa = PBXFileReference; fileEncoding = 4; lastKnownFileType = sourcecode.c.objc; path = WJGPUImageCameraController.m; sourceTree = "<group>"; };
		0DA4EEF11F0201E600B460D0 /* WJGPUImageCameraView.h */ = {isa = PBXFileReference; fileEncoding = 4; lastKnownFileType = sourcecode.c.h; path = WJGPUImageCameraView.h; sourceTree = "<group>"; };
		0DA4EEF21F0201E600B460D0 /* WJGPUImageCameraView.m */ = {isa = PBXFileReference; fileEncoding = 4; lastKnownFileType = sourcecode.c.objc; path = WJGPUImageCameraView.m; sourceTree = "<group>"; };
		0DA4EEF61F020CD900B460D0 /* LFGPUImageBeautyFilter.h */ = {isa = PBXFileReference; fileEncoding = 4; lastKnownFileType = sourcecode.c.h; path = LFGPUImageBeautyFilter.h; sourceTree = "<group>"; };
		0DA4EEF71F020CD900B460D0 /* LFGPUImageBeautyFilter.m */ = {isa = PBXFileReference; fileEncoding = 4; lastKnownFileType = sourcecode.c.objc; path = LFGPUImageBeautyFilter.m; sourceTree = "<group>"; };
		0DB4658D1F034B2000CA1379 /* iflyMSC.framework */ = {isa = PBXFileReference; lastKnownFileType = wrapper.framework; path = iflyMSC.framework; sourceTree = "<group>"; };
		0DB4658F1F034E0000CA1379 /* libz.tbd */ = {isa = PBXFileReference; lastKnownFileType = "sourcecode.text-based-dylib-definition"; name = libz.tbd; path = usr/lib/libz.tbd; sourceTree = SDKROOT; };
		0DB465911F034E0C00CA1379 /* CoreMotion.framework */ = {isa = PBXFileReference; lastKnownFileType = wrapper.framework; name = CoreMotion.framework; path = System/Library/Frameworks/CoreMotion.framework; sourceTree = SDKROOT; };
		0DB465931F034E1600CA1379 /* AddressBook.framework */ = {isa = PBXFileReference; lastKnownFileType = wrapper.framework; name = AddressBook.framework; path = System/Library/Frameworks/AddressBook.framework; sourceTree = SDKROOT; };
		0DB465951F034E2300CA1379 /* libstdc++.tbd */ = {isa = PBXFileReference; lastKnownFileType = "sourcecode.text-based-dylib-definition"; name = "libstdc++.tbd"; path = "usr/lib/libstdc++.tbd"; sourceTree = SDKROOT; };
		0DB465971F034E2A00CA1379 /* libc++.tbd */ = {isa = PBXFileReference; lastKnownFileType = "sourcecode.text-based-dylib-definition"; name = "libc++.tbd"; path = "usr/lib/libc++.tbd"; sourceTree = SDKROOT; };
		0DB465991F034E3500CA1379 /* CoreTelephony.framework */ = {isa = PBXFileReference; lastKnownFileType = wrapper.framework; name = CoreTelephony.framework; path = System/Library/Frameworks/CoreTelephony.framework; sourceTree = SDKROOT; };
		0DB4659B1F034E4A00CA1379 /* MobileCoreServices.framework */ = {isa = PBXFileReference; lastKnownFileType = wrapper.framework; name = MobileCoreServices.framework; path = System/Library/Frameworks/MobileCoreServices.framework; sourceTree = SDKROOT; };
		0DB4659D1F034E5400CA1379 /* AudioToolbox.framework */ = {isa = PBXFileReference; lastKnownFileType = wrapper.framework; name = AudioToolbox.framework; path = System/Library/Frameworks/AudioToolbox.framework; sourceTree = SDKROOT; };
		0DB4659F1F034E5F00CA1379 /* CoreGraphics.framework */ = {isa = PBXFileReference; lastKnownFileType = wrapper.framework; name = CoreGraphics.framework; path = System/Library/Frameworks/CoreGraphics.framework; sourceTree = SDKROOT; };
		0DB465A11F034E6900CA1379 /* SystemConfiguration.framework */ = {isa = PBXFileReference; lastKnownFileType = wrapper.framework; name = SystemConfiguration.framework; path = System/Library/Frameworks/SystemConfiguration.framework; sourceTree = SDKROOT; };
		0DD34F3E1F03F79600EA6E67 /* CanvasView.h */ = {isa = PBXFileReference; fileEncoding = 4; lastKnownFileType = sourcecode.c.h; path = CanvasView.h; sourceTree = "<group>"; };
		0DD34F3F1F03F79600EA6E67 /* CanvasView.m */ = {isa = PBXFileReference; fileEncoding = 4; lastKnownFileType = sourcecode.c.objc; path = CanvasView.m; sourceTree = "<group>"; };
		0DD34F411F03F79600EA6E67 /* CaptureManager.h */ = {isa = PBXFileReference; fileEncoding = 4; lastKnownFileType = sourcecode.c.h; path = CaptureManager.h; sourceTree = "<group>"; };
		0DD34F421F03F79600EA6E67 /* CaptureManager.m */ = {isa = PBXFileReference; fileEncoding = 4; lastKnownFileType = sourcecode.c.objc; path = CaptureManager.m; sourceTree = "<group>"; };
		0DD34F441F03F79600EA6E67 /* CalculatorTools.h */ = {isa = PBXFileReference; fileEncoding = 4; lastKnownFileType = sourcecode.c.h; path = CalculatorTools.h; sourceTree = "<group>"; };
		0DD34F451F03F79600EA6E67 /* CalculatorTools.m */ = {isa = PBXFileReference; fileEncoding = 4; lastKnownFileType = sourcecode.c.objc; path = CalculatorTools.m; sourceTree = "<group>"; };
		0DD34F461F03F79600EA6E67 /* IFlyFaceImage.h */ = {isa = PBXFileReference; fileEncoding = 4; lastKnownFileType = sourcecode.c.h; path = IFlyFaceImage.h; sourceTree = "<group>"; };
		0DD34F471F03F79600EA6E67 /* IFlyFaceImage.m */ = {isa = PBXFileReference; fileEncoding = 4; lastKnownFileType = sourcecode.c.objc; path = IFlyFaceImage.m; sourceTree = "<group>"; };
		0DD34F481F03F79600EA6E67 /* UIImage+compress.h */ = {isa = PBXFileReference; fileEncoding = 4; lastKnownFileType = sourcecode.c.h; path = "UIImage+compress.h"; sourceTree = "<group>"; };
		0DD34F491F03F79600EA6E67 /* UIImage+compress.m */ = {isa = PBXFileReference; fileEncoding = 4; lastKnownFileType = sourcecode.c.objc; path = "UIImage+compress.m"; sourceTree = "<group>"; };
		0DD34F4A1F03F79600EA6E67 /* UIImage+Extensions.h */ = {isa = PBXFileReference; fileEncoding = 4; lastKnownFileType = sourcecode.c.h; path = "UIImage+Extensions.h"; sourceTree = "<group>"; };
		0DD34F4B1F03F79600EA6E67 /* UIImage+Extensions.m */ = {isa = PBXFileReference; fileEncoding = 4; lastKnownFileType = sourcecode.c.objc; path = "UIImage+Extensions.m"; sourceTree = "<group>"; };
		0DD34F4D1F03F79600EA6E67 /* PermissionDetector.h */ = {isa = PBXFileReference; fileEncoding = 4; lastKnownFileType = sourcecode.c.h; path = PermissionDetector.h; sourceTree = "<group>"; };
		0DD34F4E1F03F79600EA6E67 /* PermissionDetector.m */ = {isa = PBXFileReference; fileEncoding = 4; lastKnownFileType = sourcecode.c.objc; path = PermissionDetector.m; sourceTree = "<group>"; };
		0DD34F501F03F79600EA6E67 /* IFlyFaceResultDetector.h */ = {isa = PBXFileReference; fileEncoding = 4; lastKnownFileType = sourcecode.c.h; path = IFlyFaceResultDetector.h; sourceTree = "<group>"; };
		0DD34F511F03F79600EA6E67 /* IFlyFaceResultDetector.m */ = {isa = PBXFileReference; fileEncoding = 4; lastKnownFileType = sourcecode.c.objc; path = IFlyFaceResultDetector.m; sourceTree = "<group>"; };
		0DD34F521F03F79600EA6E67 /* IFlyFaceResultKeys.h */ = {isa = PBXFileReference; fileEncoding = 4; lastKnownFileType = sourcecode.c.h; path = IFlyFaceResultKeys.h; sourceTree = "<group>"; };
		0DD34F531F03F79600EA6E67 /* IFlyFaceResultKeys.m */ = {isa = PBXFileReference; fileEncoding = 4; lastKnownFileType = sourcecode.c.objc; path = IFlyFaceResultKeys.m; sourceTree = "<group>"; };
		0DD34F541F03F79600EA6E67 /* IFlyFaceResultTrack.h */ = {isa = PBXFileReference; fileEncoding = 4; lastKnownFileType = sourcecode.c.h; path = IFlyFaceResultTrack.h; sourceTree = "<group>"; };
		0DD34F551F03F79600EA6E67 /* IFlyFaceResultTrack.m */ = {isa = PBXFileReference; fileEncoding = 4; lastKnownFileType = sourcecode.c.objc; path = IFlyFaceResultTrack.m; sourceTree = "<group>"; };
		0DD34F631F0410C000EA6E67 /* Crown.png */ = {isa = PBXFileReference; lastKnownFileType = image.png; path = Crown.png; sourceTree = "<group>"; };
		62BF55380C042CC3D3835A58 /* Pods-FaceuDemo.release.xcconfig */ = {isa = PBXFileReference; includeInIndex = 1; lastKnownFileType = text.xcconfig; name = "Pods-FaceuDemo.release.xcconfig"; path = "Pods/Target Support Files/Pods-FaceuDemo/Pods-FaceuDemo.release.xcconfig"; sourceTree = "<group>"; };
		8AC626130D105F9A777C9B08 /* Pods-FaceuDemo.debug.xcconfig */ = {isa = PBXFileReference; includeInIndex = 1; lastKnownFileType = text.xcconfig; name = "Pods-FaceuDemo.debug.xcconfig"; path = "Pods/Target Support Files/Pods-FaceuDemo/Pods-FaceuDemo.debug.xcconfig"; sourceTree = "<group>"; };
		B00B8417BDB93D4B8D296DDB /* libPods-FaceuDemo.a */ = {isa = PBXFileReference; explicitFileType = archive.ar; includeInIndex = 0; path = "libPods-FaceuDemo.a"; sourceTree = BUILT_PRODUCTS_DIR; };
/* End PBXFileReference section */

/* Begin PBXFrameworksBuildPhase section */
		0DA4EEB21F01FFFE00B460D0 /* Frameworks */ = {
			isa = PBXFrameworksBuildPhase;
			buildActionMask = 2147483647;
			files = (
				0DB465A21F034E6900CA1379 /* SystemConfiguration.framework in Frameworks */,
				0DB465A01F034E5F00CA1379 /* CoreGraphics.framework in Frameworks */,
				0DB4659E1F034E5400CA1379 /* AudioToolbox.framework in Frameworks */,
				0DB4659C1F034E4A00CA1379 /* MobileCoreServices.framework in Frameworks */,
				0DB4659A1F034E3500CA1379 /* CoreTelephony.framework in Frameworks */,
				0DB465981F034E2A00CA1379 /* libc++.tbd in Frameworks */,
				0DB465961F034E2300CA1379 /* libstdc++.tbd in Frameworks */,
				0DB465941F034E1600CA1379 /* AddressBook.framework in Frameworks */,
				0DB465921F034E0C00CA1379 /* CoreMotion.framework in Frameworks */,
				0DB465901F034E0000CA1379 /* libz.tbd in Frameworks */,
				0DB4658E1F034B2000CA1379 /* iflyMSC.framework in Frameworks */,
				AF2D65308C08DA78180375BC /* libPods-FaceuDemo.a in Frameworks */,
			);
			runOnlyForDeploymentPostprocessing = 0;
		};
		0DA4EECB1F01FFFE00B460D0 /* Frameworks */ = {
			isa = PBXFrameworksBuildPhase;
			buildActionMask = 2147483647;
			files = (
			);
			runOnlyForDeploymentPostprocessing = 0;
		};
		0DA4EED61F01FFFE00B460D0 /* Frameworks */ = {
			isa = PBXFrameworksBuildPhase;
			buildActionMask = 2147483647;
			files = (
			);
			runOnlyForDeploymentPostprocessing = 0;
		};
/* End PBXFrameworksBuildPhase section */

/* Begin PBXGroup section */
		0DA4EEAC1F01FFFD00B460D0 = {
			isa = PBXGroup;
			children = (
				0DA4EEB71F01FFFE00B460D0 /* FaceuDemo */,
				0DA4EED11F01FFFE00B460D0 /* FaceuDemoTests */,
				0DA4EEDC1F01FFFE00B460D0 /* FaceuDemoUITests */,
				0DA4EEB61F01FFFE00B460D0 /* Products */,
				FACD47E40C98E8900C87987A /* Pods */,
				BBE683CEFF48EAF5CD6C4FEA /* Frameworks */,
			);
			sourceTree = "<group>";
		};
		0DA4EEB61F01FFFE00B460D0 /* Products */ = {
			isa = PBXGroup;
			children = (
				0DA4EEB51F01FFFE00B460D0 /* FaceuDemo.app */,
				0DA4EECE1F01FFFE00B460D0 /* FaceuDemoTests.xctest */,
				0DA4EED91F01FFFE00B460D0 /* FaceuDemoUITests.xctest */,
			);
			name = Products;
			sourceTree = "<group>";
		};
		0DA4EEB71F01FFFE00B460D0 /* FaceuDemo */ = {
			isa = PBXGroup;
			children = (
				0DD34F631F0410C000EA6E67 /* Crown.png */,
				0DD34F3C1F03F79600EA6E67 /* tools */,
				0DB4658D1F034B2000CA1379 /* iflyMSC.framework */,
				0DA4EEF51F0202D700B460D0 /* GPUImageFilter */,
				0DA4EEBB1F01FFFE00B460D0 /* AppDelegate.h */,
				0DA4EEBC1F01FFFE00B460D0 /* AppDelegate.m */,
				0DA4EEBE1F01FFFE00B460D0 /* ViewController.h */,
				0DA4EEBF1F01FFFE00B460D0 /* ViewController.m */,
				0DA4EEEE1F0201C100B460D0 /* WJGPUImageCameraController.h */,
				0DA4EEEF1F0201C100B460D0 /* WJGPUImageCameraController.m */,
				0D54EE261F04AD0500541F1D /* WJIFFaceModel.h */,
				0D54EE271F04AD0500541F1D /* WJIFFaceModel.m */,
				0DA4EEF11F0201E600B460D0 /* WJGPUImageCameraView.h */,
				0DA4EEF21F0201E600B460D0 /* WJGPUImageCameraView.m */,
				0DA4EEC11F01FFFE00B460D0 /* Main.storyboard */,
				0DA4EEC41F01FFFE00B460D0 /* Assets.xcassets */,
				0DA4EEC61F01FFFE00B460D0 /* LaunchScreen.storyboard */,
				0DA4EEC91F01FFFE00B460D0 /* Info.plist */,
				0DA4EEB81F01FFFE00B460D0 /* Supporting Files */,
			);
			path = FaceuDemo;
			sourceTree = "<group>";
		};
		0DA4EEB81F01FFFE00B460D0 /* Supporting Files */ = {
			isa = PBXGroup;
			children = (
				0DA4EEB91F01FFFE00B460D0 /* main.m */,
			);
			name = "Supporting Files";
			sourceTree = "<group>";
		};
		0DA4EED11F01FFFE00B460D0 /* FaceuDemoTests */ = {
			isa = PBXGroup;
			children = (
				0DA4EED21F01FFFE00B460D0 /* FaceuDemoTests.m */,
				0DA4EED41F01FFFE00B460D0 /* Info.plist */,
			);
			path = FaceuDemoTests;
			sourceTree = "<group>";
		};
		0DA4EEDC1F01FFFE00B460D0 /* FaceuDemoUITests */ = {
			isa = PBXGroup;
			children = (
				0DA4EEDD1F01FFFE00B460D0 /* FaceuDemoUITests.m */,
				0DA4EEDF1F01FFFE00B460D0 /* Info.plist */,
			);
			path = FaceuDemoUITests;
			sourceTree = "<group>";
		};
		0DA4EEF51F0202D700B460D0 /* GPUImageFilter */ = {
			isa = PBXGroup;
			children = (
				0DA4EEF61F020CD900B460D0 /* LFGPUImageBeautyFilter.h */,
				0DA4EEF71F020CD900B460D0 /* LFGPUImageBeautyFilter.m */,
			);
			path = GPUImageFilter;
			sourceTree = "<group>";
		};
		0DD34F3C1F03F79600EA6E67 /* tools */ = {
			isa = PBXGroup;
			children = (
				0DD34F3D1F03F79600EA6E67 /* CanvasView */,
				0DD34F401F03F79600EA6E67 /* Capture */,
				0DD34F431F03F79600EA6E67 /* Image */,
				0DD34F4C1F03F79600EA6E67 /* Permission */,
				0DD34F4F1F03F79600EA6E67 /* Result */,
			);
			path = tools;
			sourceTree = "<group>";
		};
		0DD34F3D1F03F79600EA6E67 /* CanvasView */ = {
			isa = PBXGroup;
			children = (
				0DD34F3E1F03F79600EA6E67 /* CanvasView.h */,
				0DD34F3F1F03F79600EA6E67 /* CanvasView.m */,
			);
			path = CanvasView;
			sourceTree = "<group>";
		};
		0DD34F401F03F79600EA6E67 /* Capture */ = {
			isa = PBXGroup;
			children = (
				0DD34F411F03F79600EA6E67 /* CaptureManager.h */,
				0DD34F421F03F79600EA6E67 /* CaptureManager.m */,
			);
			path = Capture;
			sourceTree = "<group>";
		};
		0DD34F431F03F79600EA6E67 /* Image */ = {
			isa = PBXGroup;
			children = (
				0DD34F441F03F79600EA6E67 /* CalculatorTools.h */,
				0DD34F451F03F79600EA6E67 /* CalculatorTools.m */,
				0DD34F461F03F79600EA6E67 /* IFlyFaceImage.h */,
				0DD34F471F03F79600EA6E67 /* IFlyFaceImage.m */,
				0DD34F481F03F79600EA6E67 /* UIImage+compress.h */,
				0DD34F491F03F79600EA6E67 /* UIImage+compress.m */,
				0DD34F4A1F03F79600EA6E67 /* UIImage+Extensions.h */,
				0DD34F4B1F03F79600EA6E67 /* UIImage+Extensions.m */,
			);
			path = Image;
			sourceTree = "<group>";
		};
		0DD34F4C1F03F79600EA6E67 /* Permission */ = {
			isa = PBXGroup;
			children = (
				0DD34F4D1F03F79600EA6E67 /* PermissionDetector.h */,
				0DD34F4E1F03F79600EA6E67 /* PermissionDetector.m */,
			);
			path = Permission;
			sourceTree = "<group>";
		};
		0DD34F4F1F03F79600EA6E67 /* Result */ = {
			isa = PBXGroup;
			children = (
				0DD34F501F03F79600EA6E67 /* IFlyFaceResultDetector.h */,
				0DD34F511F03F79600EA6E67 /* IFlyFaceResultDetector.m */,
				0DD34F521F03F79600EA6E67 /* IFlyFaceResultKeys.h */,
				0DD34F531F03F79600EA6E67 /* IFlyFaceResultKeys.m */,
				0DD34F541F03F79600EA6E67 /* IFlyFaceResultTrack.h */,
				0DD34F551F03F79600EA6E67 /* IFlyFaceResultTrack.m */,
			);
			path = Result;
			sourceTree = "<group>";
		};
		BBE683CEFF48EAF5CD6C4FEA /* Frameworks */ = {
			isa = PBXGroup;
			children = (
				0DB465A11F034E6900CA1379 /* SystemConfiguration.framework */,
				0DB4659F1F034E5F00CA1379 /* CoreGraphics.framework */,
				0DB4659D1F034E5400CA1379 /* AudioToolbox.framework */,
				0DB4659B1F034E4A00CA1379 /* MobileCoreServices.framework */,
				0DB465991F034E3500CA1379 /* CoreTelephony.framework */,
				0DB465971F034E2A00CA1379 /* libc++.tbd */,
				0DB465951F034E2300CA1379 /* libstdc++.tbd */,
				0DB465931F034E1600CA1379 /* AddressBook.framework */,
				0DB465911F034E0C00CA1379 /* CoreMotion.framework */,
				0DB4658F1F034E0000CA1379 /* libz.tbd */,
				B00B8417BDB93D4B8D296DDB /* libPods-FaceuDemo.a */,
			);
			name = Frameworks;
			sourceTree = "<group>";
		};
		FACD47E40C98E8900C87987A /* Pods */ = {
			isa = PBXGroup;
			children = (
				8AC626130D105F9A777C9B08 /* Pods-FaceuDemo.debug.xcconfig */,
				62BF55380C042CC3D3835A58 /* Pods-FaceuDemo.release.xcconfig */,
			);
			name = Pods;
			sourceTree = "<group>";
		};
/* End PBXGroup section */

/* Begin PBXNativeTarget section */
		0DA4EEB41F01FFFE00B460D0 /* FaceuDemo */ = {
			isa = PBXNativeTarget;
			buildConfigurationList = 0DA4EEE21F01FFFE00B460D0 /* Build configuration list for PBXNativeTarget "FaceuDemo" */;
			buildPhases = (
				9146DA95AF3A3FBBCC7D8ABE /* [CP] Check Pods Manifest.lock */,
				0DA4EEB11F01FFFE00B460D0 /* Sources */,
				0DA4EEB21F01FFFE00B460D0 /* Frameworks */,
				0DA4EEB31F01FFFE00B460D0 /* Resources */,
				24767C5451639BA02B2EE818 /* [CP] Embed Pods Frameworks */,
				3711B9224C94CEBB4DB9BE1F /* [CP] Copy Pods Resources */,
			);
			buildRules = (
			);
			dependencies = (
			);
			name = FaceuDemo;
			productName = FaceuDemo;
			productReference = 0DA4EEB51F01FFFE00B460D0 /* FaceuDemo.app */;
			productType = "com.apple.product-type.application";
		};
		0DA4EECD1F01FFFE00B460D0 /* FaceuDemoTests */ = {
			isa = PBXNativeTarget;
			buildConfigurationList = 0DA4EEE51F01FFFE00B460D0 /* Build configuration list for PBXNativeTarget "FaceuDemoTests" */;
			buildPhases = (
				0DA4EECA1F01FFFE00B460D0 /* Sources */,
				0DA4EECB1F01FFFE00B460D0 /* Frameworks */,
				0DA4EECC1F01FFFE00B460D0 /* Resources */,
			);
			buildRules = (
			);
			dependencies = (
				0DA4EED01F01FFFE00B460D0 /* PBXTargetDependency */,
			);
			name = FaceuDemoTests;
			productName = FaceuDemoTests;
			productReference = 0DA4EECE1F01FFFE00B460D0 /* FaceuDemoTests.xctest */;
			productType = "com.apple.product-type.bundle.unit-test";
		};
		0DA4EED81F01FFFE00B460D0 /* FaceuDemoUITests */ = {
			isa = PBXNativeTarget;
			buildConfigurationList = 0DA4EEE81F01FFFE00B460D0 /* Build configuration list for PBXNativeTarget "FaceuDemoUITests" */;
			buildPhases = (
				0DA4EED51F01FFFE00B460D0 /* Sources */,
				0DA4EED61F01FFFE00B460D0 /* Frameworks */,
				0DA4EED71F01FFFE00B460D0 /* Resources */,
			);
			buildRules = (
			);
			dependencies = (
				0DA4EEDB1F01FFFE00B460D0 /* PBXTargetDependency */,
			);
			name = FaceuDemoUITests;
			productName = FaceuDemoUITests;
			productReference = 0DA4EED91F01FFFE00B460D0 /* FaceuDemoUITests.xctest */;
			productType = "com.apple.product-type.bundle.ui-testing";
		};
/* End PBXNativeTarget section */

/* Begin PBXProject section */
		0DA4EEAD1F01FFFD00B460D0 /* Project object */ = {
			isa = PBXProject;
			attributes = {
				LastUpgradeCheck = 0830;
				ORGANIZATIONNAME = tqh;
				TargetAttributes = {
					0DA4EEB41F01FFFE00B460D0 = {
						CreatedOnToolsVersion = 8.3.2;
						DevelopmentTeam = 87S2AUX254;
						ProvisioningStyle = Automatic;
					};
					0DA4EECD1F01FFFE00B460D0 = {
						CreatedOnToolsVersion = 8.3.2;
						ProvisioningStyle = Automatic;
						TestTargetID = 0DA4EEB41F01FFFE00B460D0;
					};
					0DA4EED81F01FFFE00B460D0 = {
						CreatedOnToolsVersion = 8.3.2;
						ProvisioningStyle = Automatic;
						TestTargetID = 0DA4EEB41F01FFFE00B460D0;
					};
				};
			};
			buildConfigurationList = 0DA4EEB01F01FFFD00B460D0 /* Build configuration list for PBXProject "FaceuDemo" */;
			compatibilityVersion = "Xcode 3.2";
			developmentRegion = English;
			hasScannedForEncodings = 0;
			knownRegions = (
				en,
				Base,
			);
			mainGroup = 0DA4EEAC1F01FFFD00B460D0;
			productRefGroup = 0DA4EEB61F01FFFE00B460D0 /* Products */;
			projectDirPath = "";
			projectRoot = "";
			targets = (
				0DA4EEB41F01FFFE00B460D0 /* FaceuDemo */,
				0DA4EECD1F01FFFE00B460D0 /* FaceuDemoTests */,
				0DA4EED81F01FFFE00B460D0 /* FaceuDemoUITests */,
			);
		};
/* End PBXProject section */

/* Begin PBXResourcesBuildPhase section */
		0DA4EEB31F01FFFE00B460D0 /* Resources */ = {
			isa = PBXResourcesBuildPhase;
			buildActionMask = 2147483647;
			files = (
				0DA4EEC81F01FFFE00B460D0 /* LaunchScreen.storyboard in Resources */,
				0DD34F641F0410C000EA6E67 /* Crown.png in Resources */,
				0DA4EEC51F01FFFE00B460D0 /* Assets.xcassets in Resources */,
				0DA4EEC31F01FFFE00B460D0 /* Main.storyboard in Resources */,
			);
			runOnlyForDeploymentPostprocessing = 0;
		};
		0DA4EECC1F01FFFE00B460D0 /* Resources */ = {
			isa = PBXResourcesBuildPhase;
			buildActionMask = 2147483647;
			files = (
			);
			runOnlyForDeploymentPostprocessing = 0;
		};
		0DA4EED71F01FFFE00B460D0 /* Resources */ = {
			isa = PBXResourcesBuildPhase;
			buildActionMask = 2147483647;
			files = (
			);
			runOnlyForDeploymentPostprocessing = 0;
		};
/* End PBXResourcesBuildPhase section */

/* Begin PBXShellScriptBuildPhase section */
		24767C5451639BA02B2EE818 /* [CP] Embed Pods Frameworks */ = {
			isa = PBXShellScriptBuildPhase;
			buildActionMask = 2147483647;
			files = (
			);
			inputPaths = (
			);
			name = "[CP] Embed Pods Frameworks";
			outputPaths = (
			);
			runOnlyForDeploymentPostprocessing = 0;
			shellPath = /bin/sh;
			shellScript = "\"${SRCROOT}/Pods/Target Support Files/Pods-FaceuDemo/Pods-FaceuDemo-frameworks.sh\"\n";
			showEnvVarsInLog = 0;
		};
		3711B9224C94CEBB4DB9BE1F /* [CP] Copy Pods Resources */ = {
			isa = PBXShellScriptBuildPhase;
			buildActionMask = 2147483647;
			files = (
			);
			inputPaths = (
			);
			name = "[CP] Copy Pods Resources";
			outputPaths = (
			);
			runOnlyForDeploymentPostprocessing = 0;
			shellPath = /bin/sh;
			shellScript = "\"${SRCROOT}/Pods/Target Support Files/Pods-FaceuDemo/Pods-FaceuDemo-resources.sh\"\n";
			showEnvVarsInLog = 0;
		};
		9146DA95AF3A3FBBCC7D8ABE /* [CP] Check Pods Manifest.lock */ = {
			isa = PBXShellScriptBuildPhase;
			buildActionMask = 2147483647;
			files = (
			);
			inputPaths = (
			);
			name = "[CP] Check Pods Manifest.lock";
			outputPaths = (
			);
			runOnlyForDeploymentPostprocessing = 0;
			shellPath = /bin/sh;
			shellScript = "diff \"${PODS_ROOT}/../Podfile.lock\" \"${PODS_ROOT}/Manifest.lock\" > /dev/null\nif [ $? != 0 ] ; then\n    # print error to STDERR\n    echo \"error: The sandbox is not in sync with the Podfile.lock. Run 'pod install' or update your CocoaPods installation.\" >&2\n    exit 1\nfi\n";
			showEnvVarsInLog = 0;
		};
/* End PBXShellScriptBuildPhase section */

/* Begin PBXSourcesBuildPhase section */
		0DA4EEB11F01FFFE00B460D0 /* Sources */ = {
			isa = PBXSourcesBuildPhase;
			buildActionMask = 2147483647;
			files = (
				0DA4EEF81F020CD900B460D0 /* LFGPUImageBeautyFilter.m in Sources */,
				0D54EE281F04AD0500541F1D /* WJIFFaceModel.m in Sources */,
				0DD34F5E1F03F79600EA6E67 /* IFlyFaceResultKeys.m in Sources */,
				0DA4EEC01F01FFFE00B460D0 /* ViewController.m in Sources */,
				0DD34F571F03F79600EA6E67 /* CaptureManager.m in Sources */,
				0DA4EEF01F0201C100B460D0 /* WJGPUImageCameraController.m in Sources */,
				0DD34F5C1F03F79600EA6E67 /* PermissionDetector.m in Sources */,
				0DD34F591F03F79600EA6E67 /* IFlyFaceImage.m in Sources */,
				0DD34F5F1F03F79600EA6E67 /* IFlyFaceResultTrack.m in Sources */,
				0DD34F581F03F79600EA6E67 /* CalculatorTools.m in Sources */,
				0DA4EEBD1F01FFFE00B460D0 /* AppDelegate.m in Sources */,
				0DD34F5B1F03F79600EA6E67 /* UIImage+Extensions.m in Sources */,
				0DD34F5A1F03F79600EA6E67 /* UIImage+compress.m in Sources */,
				0DD34F561F03F79600EA6E67 /* CanvasView.m in Sources */,
				0DD34F5D1F03F79600EA6E67 /* IFlyFaceResultDetector.m in Sources */,
				0DA4EEF31F0201E600B460D0 /* WJGPUImageCameraView.m in Sources */,
				0DA4EEBA1F01FFFE00B460D0 /* main.m in Sources */,
			);
			runOnlyForDeploymentPostprocessing = 0;
		};
		0DA4EECA1F01FFFE00B460D0 /* Sources */ = {
			isa = PBXSourcesBuildPhase;
			buildActionMask = 2147483647;
			files = (
				0DA4EED31F01FFFE00B460D0 /* FaceuDemoTests.m in Sources */,
			);
			runOnlyForDeploymentPostprocessing = 0;
		};
		0DA4EED51F01FFFE00B460D0 /* Sources */ = {
			isa = PBXSourcesBuildPhase;
			buildActionMask = 2147483647;
			files = (
				0DA4EEDE1F01FFFE00B460D0 /* FaceuDemoUITests.m in Sources */,
			);
			runOnlyForDeploymentPostprocessing = 0;
		};
/* End PBXSourcesBuildPhase section */

/* Begin PBXTargetDependency section */
		0DA4EED01F01FFFE00B460D0 /* PBXTargetDependency */ = {
			isa = PBXTargetDependency;
			target = 0DA4EEB41F01FFFE00B460D0 /* FaceuDemo */;
			targetProxy = 0DA4EECF1F01FFFE00B460D0 /* PBXContainerItemProxy */;
		};
		0DA4EEDB1F01FFFE00B460D0 /* PBXTargetDependency */ = {
			isa = PBXTargetDependency;
			target = 0DA4EEB41F01FFFE00B460D0 /* FaceuDemo */;
			targetProxy = 0DA4EEDA1F01FFFE00B460D0 /* PBXContainerItemProxy */;
		};
/* End PBXTargetDependency section */

/* Begin PBXVariantGroup section */
		0DA4EEC11F01FFFE00B460D0 /* Main.storyboard */ = {
			isa = PBXVariantGroup;
			children = (
				0DA4EEC21F01FFFE00B460D0 /* Base */,
			);
			name = Main.storyboard;
			sourceTree = "<group>";
		};
		0DA4EEC61F01FFFE00B460D0 /* LaunchScreen.storyboard */ = {
			isa = PBXVariantGroup;
			children = (
				0DA4EEC71F01FFFE00B460D0 /* Base */,
			);
			name = LaunchScreen.storyboard;
			sourceTree = "<group>";
		};
/* End PBXVariantGroup section */

/* Begin XCBuildConfiguration section */
		0DA4EEE01F01FFFE00B460D0 /* Debug */ = {
			isa = XCBuildConfiguration;
			buildSettings = {
				ALWAYS_SEARCH_USER_PATHS = NO;
				CLANG_ANALYZER_NONNULL = YES;
				CLANG_ANALYZER_NUMBER_OBJECT_CONVERSION = YES_AGGRESSIVE;
				CLANG_CXX_LANGUAGE_STANDARD = "gnu++0x";
				CLANG_CXX_LIBRARY = "libc++";
				CLANG_ENABLE_MODULES = YES;
				CLANG_ENABLE_OBJC_ARC = YES;
				CLANG_WARN_BOOL_CONVERSION = YES;
				CLANG_WARN_CONSTANT_CONVERSION = YES;
				CLANG_WARN_DIRECT_OBJC_ISA_USAGE = YES_ERROR;
				CLANG_WARN_DOCUMENTATION_COMMENTS = YES;
				CLANG_WARN_EMPTY_BODY = YES;
				CLANG_WARN_ENUM_CONVERSION = YES;
				CLANG_WARN_INFINITE_RECURSION = YES;
				CLANG_WARN_INT_CONVERSION = YES;
				CLANG_WARN_OBJC_ROOT_CLASS = YES_ERROR;
				CLANG_WARN_SUSPICIOUS_MOVE = YES;
				CLANG_WARN_UNREACHABLE_CODE = YES;
				CLANG_WARN__DUPLICATE_METHOD_MATCH = YES;
				"CODE_SIGN_IDENTITY[sdk=iphoneos*]" = "iPhone Developer";
				COPY_PHASE_STRIP = NO;
				DEBUG_INFORMATION_FORMAT = dwarf;
				ENABLE_STRICT_OBJC_MSGSEND = YES;
				ENABLE_TESTABILITY = YES;
				GCC_C_LANGUAGE_STANDARD = gnu99;
				GCC_DYNAMIC_NO_PIC = NO;
				GCC_NO_COMMON_BLOCKS = YES;
				GCC_OPTIMIZATION_LEVEL = 0;
				GCC_PREPROCESSOR_DEFINITIONS = (
					"DEBUG=1",
					"$(inherited)",
				);
				GCC_WARN_64_TO_32_BIT_CONVERSION = YES;
				GCC_WARN_ABOUT_RETURN_TYPE = YES_ERROR;
				GCC_WARN_UNDECLARED_SELECTOR = YES;
				GCC_WARN_UNINITIALIZED_AUTOS = YES_AGGRESSIVE;
				GCC_WARN_UNUSED_FUNCTION = YES;
				GCC_WARN_UNUSED_VARIABLE = YES;
				IPHONEOS_DEPLOYMENT_TARGET = 10.3;
				MTL_ENABLE_DEBUG_INFO = YES;
				ONLY_ACTIVE_ARCH = YES;
				SDKROOT = iphoneos;
			};
			name = Debug;
		};
		0DA4EEE11F01FFFE00B460D0 /* Release */ = {
			isa = XCBuildConfiguration;
			buildSettings = {
				ALWAYS_SEARCH_USER_PATHS = NO;
				CLANG_ANALYZER_NONNULL = YES;
				CLANG_ANALYZER_NUMBER_OBJECT_CONVERSION = YES_AGGRESSIVE;
				CLANG_CXX_LANGUAGE_STANDARD = "gnu++0x";
				CLANG_CXX_LIBRARY = "libc++";
				CLANG_ENABLE_MODULES = YES;
				CLANG_ENABLE_OBJC_ARC = YES;
				CLANG_WARN_BOOL_CONVERSION = YES;
				CLANG_WARN_CONSTANT_CONVERSION = YES;
				CLANG_WARN_DIRECT_OBJC_ISA_USAGE = YES_ERROR;
				CLANG_WARN_DOCUMENTATION_COMMENTS = YES;
				CLANG_WARN_EMPTY_BODY = YES;
				CLANG_WARN_ENUM_CONVERSION = YES;
				CLANG_WARN_INFINITE_RECURSION = YES;
				CLANG_WARN_INT_CONVERSION = YES;
				CLANG_WARN_OBJC_ROOT_CLASS = YES_ERROR;
				CLANG_WARN_SUSPICIOUS_MOVE = YES;
				CLANG_WARN_UNREACHABLE_CODE = YES;
				CLANG_WARN__DUPLICATE_METHOD_MATCH = YES;
				"CODE_SIGN_IDENTITY[sdk=iphoneos*]" = "iPhone Developer";
				COPY_PHASE_STRIP = NO;
				DEBUG_INFORMATION_FORMAT = "dwarf-with-dsym";
				ENABLE_NS_ASSERTIONS = NO;
				ENABLE_STRICT_OBJC_MSGSEND = YES;
				GCC_C_LANGUAGE_STANDARD = gnu99;
				GCC_NO_COMMON_BLOCKS = YES;
				GCC_WARN_64_TO_32_BIT_CONVERSION = YES;
				GCC_WARN_ABOUT_RETURN_TYPE = YES_ERROR;
				GCC_WARN_UNDECLARED_SELECTOR = YES;
				GCC_WARN_UNINITIALIZED_AUTOS = YES_AGGRESSIVE;
				GCC_WARN_UNUSED_FUNCTION = YES;
				GCC_WARN_UNUSED_VARIABLE = YES;
				IPHONEOS_DEPLOYMENT_TARGET = 10.3;
				MTL_ENABLE_DEBUG_INFO = NO;
				SDKROOT = iphoneos;
				VALIDATE_PRODUCT = YES;
			};
			name = Release;
		};
		0DA4EEE31F01FFFE00B460D0 /* Debug */ = {
			isa = XCBuildConfiguration;
			baseConfigurationReference = 8AC626130D105F9A777C9B08 /* Pods-FaceuDemo.debug.xcconfig */;
			buildSettings = {
				ASSETCATALOG_COMPILER_APPICON_NAME = AppIcon;
				DEVELOPMENT_TEAM = 87S2AUX254;
				ENABLE_BITCODE = NO;
				FRAMEWORK_SEARCH_PATHS = (
					"$(inherited)",
					"$(PROJECT_DIR)/FaceuDemo",
					"$(PROJECT_DIR)/FaceuDemo/iflyMSC.framework",
				);
				INFOPLIST_FILE = FaceuDemo/Info.plist;
				IPHONEOS_DEPLOYMENT_TARGET = 9.0;
				LD_RUNPATH_SEARCH_PATHS = "$(inherited) @executable_path/Frameworks";
				PRODUCT_BUNDLE_IDENTIFIER = com.moyou.test;
				PRODUCT_NAME = "$(TARGET_NAME)";
			};
			name = Debug;
		};
		0DA4EEE41F01FFFE00B460D0 /* Release */ = {
			isa = XCBuildConfiguration;
			baseConfigurationReference = 62BF55380C042CC3D3835A58 /* Pods-FaceuDemo.release.xcconfig */;
			buildSettings = {
				ASSETCATALOG_COMPILER_APPICON_NAME = AppIcon;
				DEVELOPMENT_TEAM = 87S2AUX254;
				ENABLE_BITCODE = NO;
				FRAMEWORK_SEARCH_PATHS = (
					"$(inherited)",
					"$(PROJECT_DIR)/FaceuDemo",
					"$(PROJECT_DIR)/FaceuDemo/iflyMSC.framework",
				);
				INFOPLIST_FILE = FaceuDemo/Info.plist;
				IPHONEOS_DEPLOYMENT_TARGET = 9.0;
				LD_RUNPATH_SEARCH_PATHS = "$(inherited) @executable_path/Frameworks";
				PRODUCT_BUNDLE_IDENTIFIER = com.moyou.test;
				PRODUCT_NAME = "$(TARGET_NAME)";
			};
			name = Release;
		};
		0DA4EEE61F01FFFE00B460D0 /* Debug */ = {
			isa = XCBuildConfiguration;
			buildSettings = {
				BUNDLE_LOADER = "$(TEST_HOST)";
				INFOPLIST_FILE = FaceuDemoTests/Info.plist;
				LD_RUNPATH_SEARCH_PATHS = "$(inherited) @executable_path/Frameworks @loader_path/Frameworks";
				PRODUCT_BUNDLE_IDENTIFIER = com.tqh.FaceuDemoTests;
				PRODUCT_NAME = "$(TARGET_NAME)";
				TEST_HOST = "$(BUILT_PRODUCTS_DIR)/FaceuDemo.app/FaceuDemo";
			};
			name = Debug;
		};
		0DA4EEE71F01FFFE00B460D0 /* Release */ = {
			isa = XCBuildConfiguration;
			buildSettings = {
				BUNDLE_LOADER = "$(TEST_HOST)";
				INFOPLIST_FILE = FaceuDemoTests/Info.plist;
				LD_RUNPATH_SEARCH_PATHS = "$(inherited) @executable_path/Frameworks @loader_path/Frameworks";
				PRODUCT_BUNDLE_IDENTIFIER = com.tqh.FaceuDemoTests;
				PRODUCT_NAME = "$(TARGET_NAME)";
				TEST_HOST = "$(BUILT_PRODUCTS_DIR)/FaceuDemo.app/FaceuDemo";
			};
			name = Release;
		};
		0DA4EEE91F01FFFE00B460D0 /* Debug */ = {
			isa = XCBuildConfiguration;
			buildSettings = {
				INFOPLIST_FILE = FaceuDemoUITests/Info.plist;
				LD_RUNPATH_SEARCH_PATHS = "$(inherited) @executable_path/Frameworks @loader_path/Frameworks";
				PRODUCT_BUNDLE_IDENTIFIER = com.tqh.FaceuDemoUITests;
				PRODUCT_NAME = "$(TARGET_NAME)";
				TEST_TARGET_NAME = FaceuDemo;
			};
			name = Debug;
		};
		0DA4EEEA1F01FFFE00B460D0 /* Release */ = {
			isa = XCBuildConfiguration;
			buildSettings = {
				INFOPLIST_FILE = FaceuDemoUITests/Info.plist;
				LD_RUNPATH_SEARCH_PATHS = "$(inherited) @executable_path/Frameworks @loader_path/Frameworks";
				PRODUCT_BUNDLE_IDENTIFIER = com.tqh.FaceuDemoUITests;
				PRODUCT_NAME = "$(TARGET_NAME)";
				TEST_TARGET_NAME = FaceuDemo;
			};
			name = Release;
		};
/* End XCBuildConfiguration section */

/* Begin XCConfigurationList section */
		0DA4EEB01F01FFFD00B460D0 /* Build configuration list for PBXProject "FaceuDemo" */ = {
			isa = XCConfigurationList;
			buildConfigurations = (
				0DA4EEE01F01FFFE00B460D0 /* Debug */,
				0DA4EEE11F01FFFE00B460D0 /* Release */,
			);
			defaultConfigurationIsVisible = 0;
			defaultConfigurationName = Release;
		};
		0DA4EEE21F01FFFE00B460D0 /* Build configuration list for PBXNativeTarget "FaceuDemo" */ = {
			isa = XCConfigurationList;
			buildConfigurations = (
				0DA4EEE31F01FFFE00B460D0 /* Debug */,
				0DA4EEE41F01FFFE00B460D0 /* Release */,
			);
			defaultConfigurationIsVisible = 0;
			defaultConfigurationName = Release;
		};
		0DA4EEE51F01FFFE00B460D0 /* Build configuration list for PBXNativeTarget "FaceuDemoTests" */ = {
			isa = XCConfigurationList;
			buildConfigurations = (
				0DA4EEE61F01FFFE00B460D0 /* Debug */,
				0DA4EEE71F01FFFE00B460D0 /* Release */,
			);
			defaultConfigurationIsVisible = 0;
			defaultConfigurationName = Release;
		};
		0DA4EEE81F01FFFE00B460D0 /* Build configuration list for PBXNativeTarget "FaceuDemoUITests" */ = {
			isa = XCConfigurationList;
			buildConfigurations = (
				0DA4EEE91F01FFFE00B460D0 /* Debug */,
				0DA4EEEA1F01FFFE00B460D0 /* Release */,
			);
			defaultConfigurationIsVisible = 0;
			defaultConfigurationName = Release;
		};
/* End XCConfigurationList section */
	};
	rootObject = 0DA4EEAD1F01FFFD00B460D0 /* Project object */;
}
